// !$*UTF8*$!
{
	archiveVersion = 1;
	classes = {
	};
	objectVersion = 50;
	objects = {

/* Begin PBXBuildFile section */
		433DAB1A22036009007B1142 /* AppDelegate.swift in Sources */ = {isa = PBXBuildFile; fileRef = 433DAB1922036009007B1142 /* AppDelegate.swift */; };
		433DAB1C22036009007B1142 /* FirstViewController.swift in Sources */ = {isa = PBXBuildFile; fileRef = 433DAB1B22036009007B1142 /* FirstViewController.swift */; };
		433DAB1E22036009007B1142 /* SecondViewController.swift in Sources */ = {isa = PBXBuildFile; fileRef = 433DAB1D22036009007B1142 /* SecondViewController.swift */; };
		433DAB2122036009007B1142 /* Main.storyboard in Resources */ = {isa = PBXBuildFile; fileRef = 433DAB1F22036009007B1142 /* Main.storyboard */; };
		433DAB232203600A007B1142 /* Assets.xcassets in Resources */ = {isa = PBXBuildFile; fileRef = 433DAB222203600A007B1142 /* Assets.xcassets */; };
		433DAB262203600A007B1142 /* LaunchScreen.storyboard in Resources */ = {isa = PBXBuildFile; fileRef = 433DAB242203600A007B1142 /* LaunchScreen.storyboard */; };
		433DAB312203600A007B1142 /* Cake_PleaseTests.swift in Sources */ = {isa = PBXBuildFile; fileRef = 433DAB302203600A007B1142 /* Cake_PleaseTests.swift */; };
		433DAB3C2203600A007B1142 /* Cake_PleaseUITests.swift in Sources */ = {isa = PBXBuildFile; fileRef = 433DAB3B2203600A007B1142 /* Cake_PleaseUITests.swift */; };
/* End PBXBuildFile section */

/* Begin PBXContainerItemProxy section */
		433DAB2D2203600A007B1142 /* PBXContainerItemProxy */ = {
			isa = PBXContainerItemProxy;
			containerPortal = 433DAB0E22036009007B1142 /* Project object */;
			proxyType = 1;
			remoteGlobalIDString = 433DAB1522036009007B1142;
			remoteInfo = "Cake Please";
		};
		433DAB382203600A007B1142 /* PBXContainerItemProxy */ = {
			isa = PBXContainerItemProxy;
			containerPortal = 433DAB0E22036009007B1142 /* Project object */;
			proxyType = 1;
			remoteGlobalIDString = 433DAB1522036009007B1142;
			remoteInfo = "Cake Please";
		};
/* End PBXContainerItemProxy section */

/* Begin PBXFileReference section */
		433DAB1622036009007B1142 /* Cake Please.app */ = {isa = PBXFileReference; explicitFileType = wrapper.application; includeInIndex = 0; path = "Cake Please.app"; sourceTree = BUILT_PRODUCTS_DIR; };
		433DAB1922036009007B1142 /* AppDelegate.swift */ = {isa = PBXFileReference; lastKnownFileType = sourcecode.swift; path = AppDelegate.swift; sourceTree = "<group>"; };
		433DAB1B22036009007B1142 /* FirstViewController.swift */ = {isa = PBXFileReference; lastKnownFileType = sourcecode.swift; path = FirstViewController.swift; sourceTree = "<group>"; };
		433DAB1D22036009007B1142 /* SecondViewController.swift */ = {isa = PBXFileReference; lastKnownFileType = sourcecode.swift; path = SecondViewController.swift; sourceTree = "<group>"; };
		433DAB2022036009007B1142 /* Base */ = {isa = PBXFileReference; lastKnownFileType = file.storyboard; name = Base; path = Base.lproj/Main.storyboard; sourceTree = "<group>"; };
		433DAB222203600A007B1142 /* Assets.xcassets */ = {isa = PBXFileReference; lastKnownFileType = folder.assetcatalog; path = Assets.xcassets; sourceTree = "<group>"; };
		433DAB252203600A007B1142 /* Base */ = {isa = PBXFileReference; lastKnownFileType = file.storyboard; name = Base; path = Base.lproj/LaunchScreen.storyboard; sourceTree = "<group>"; };
		433DAB272203600A007B1142 /* Info.plist */ = {isa = PBXFileReference; lastKnownFileType = text.plist.xml; path = Info.plist; sourceTree = "<group>"; };
		433DAB2C2203600A007B1142 /* Cake PleaseTests.xctest */ = {isa = PBXFileReference; explicitFileType = wrapper.cfbundle; includeInIndex = 0; path = "Cake PleaseTests.xctest"; sourceTree = BUILT_PRODUCTS_DIR; };
		433DAB302203600A007B1142 /* Cake_PleaseTests.swift */ = {isa = PBXFileReference; lastKnownFileType = sourcecode.swift; path = Cake_PleaseTests.swift; sourceTree = "<group>"; };
		433DAB322203600A007B1142 /* Info.plist */ = {isa = PBXFileReference; lastKnownFileType = text.plist.xml; path = Info.plist; sourceTree = "<group>"; };
		433DAB372203600A007B1142 /* Cake PleaseUITests.xctest */ = {isa = PBXFileReference; explicitFileType = wrapper.cfbundle; includeInIndex = 0; path = "Cake PleaseUITests.xctest"; sourceTree = BUILT_PRODUCTS_DIR; };
		433DAB3B2203600A007B1142 /* Cake_PleaseUITests.swift */ = {isa = PBXFileReference; lastKnownFileType = sourcecode.swift; path = Cake_PleaseUITests.swift; sourceTree = "<group>"; };
		433DAB3D2203600A007B1142 /* Info.plist */ = {isa = PBXFileReference; lastKnownFileType = text.plist.xml; path = Info.plist; sourceTree = "<group>"; };
/* End PBXFileReference section */

/* Begin PBXFrameworksBuildPhase section */
		433DAB1322036009007B1142 /* Frameworks */ = {
			isa = PBXFrameworksBuildPhase;
			buildActionMask = 2147483647;
			files = (
			);
			runOnlyForDeploymentPostprocessing = 0;
		};
		433DAB292203600A007B1142 /* Frameworks */ = {
			isa = PBXFrameworksBuildPhase;
			buildActionMask = 2147483647;
			files = (
			);
			runOnlyForDeploymentPostprocessing = 0;
		};
		433DAB342203600A007B1142 /* Frameworks */ = {
			isa = PBXFrameworksBuildPhase;
			buildActionMask = 2147483647;
			files = (
			);
			runOnlyForDeploymentPostprocessing = 0;
		};
/* End PBXFrameworksBuildPhase section */

/* Begin PBXGroup section */
		433DAB0D22036009007B1142 = {
			isa = PBXGroup;
			children = (
				433DAB1822036009007B1142 /* Cake Please */,
				433DAB2F2203600A007B1142 /* Cake PleaseTests */,
				433DAB3A2203600A007B1142 /* Cake PleaseUITests */,
				433DAB1722036009007B1142 /* Products */,
			);
			sourceTree = "<group>";
		};
		433DAB1722036009007B1142 /* Products */ = {
			isa = PBXGroup;
			children = (
				433DAB1622036009007B1142 /* Cake Please.app */,
				433DAB2C2203600A007B1142 /* Cake PleaseTests.xctest */,
				433DAB372203600A007B1142 /* Cake PleaseUITests.xctest */,
			);
			name = Products;
			sourceTree = "<group>";
		};
		433DAB1822036009007B1142 /* Cake Please */ = {
			isa = PBXGroup;
			children = (
				433DAB1922036009007B1142 /* AppDelegate.swift */,
				433DAB1B22036009007B1142 /* FirstViewController.swift */,
				433DAB1D22036009007B1142 /* SecondViewController.swift */,
				433DAB1F22036009007B1142 /* Main.storyboard */,
				433DAB222203600A007B1142 /* Assets.xcassets */,
				433DAB242203600A007B1142 /* LaunchScreen.storyboard */,
				433DAB272203600A007B1142 /* Info.plist */,
			);
			path = "Cake Please";
			sourceTree = "<group>";
		};
		433DAB2F2203600A007B1142 /* Cake PleaseTests */ = {
			isa = PBXGroup;
			children = (
				433DAB302203600A007B1142 /* Cake_PleaseTests.swift */,
				433DAB322203600A007B1142 /* Info.plist */,
			);
			path = "Cake PleaseTests";
			sourceTree = "<group>";
		};
		433DAB3A2203600A007B1142 /* Cake PleaseUITests */ = {
			isa = PBXGroup;
			children = (
				433DAB3B2203600A007B1142 /* Cake_PleaseUITests.swift */,
				433DAB3D2203600A007B1142 /* Info.plist */,
			);
			path = "Cake PleaseUITests";
			sourceTree = "<group>";
		};
/* End PBXGroup section */

/* Begin PBXNativeTarget section */
		433DAB1522036009007B1142 /* Cake Please */ = {
			isa = PBXNativeTarget;
			buildConfigurationList = 433DAB402203600A007B1142 /* Build configuration list for PBXNativeTarget "Cake Please" */;
			buildPhases = (
				433DAB1222036009007B1142 /* Sources */,
				433DAB1322036009007B1142 /* Frameworks */,
				433DAB1422036009007B1142 /* Resources */,
			);
			buildRules = (
			);
			dependencies = (
			);
			name = "Cake Please";
			productName = "Cake Please";
			productReference = 433DAB1622036009007B1142 /* Cake Please.app */;
			productType = "com.apple.product-type.application";
		};
		433DAB2B2203600A007B1142 /* Cake PleaseTests */ = {
			isa = PBXNativeTarget;
			buildConfigurationList = 433DAB432203600A007B1142 /* Build configuration list for PBXNativeTarget "Cake PleaseTests" */;
			buildPhases = (
				433DAB282203600A007B1142 /* Sources */,
				433DAB292203600A007B1142 /* Frameworks */,
				433DAB2A2203600A007B1142 /* Resources */,
			);
			buildRules = (
			);
			dependencies = (
				433DAB2E2203600A007B1142 /* PBXTargetDependency */,
			);
			name = "Cake PleaseTests";
			productName = "Cake PleaseTests";
			productReference = 433DAB2C2203600A007B1142 /* Cake PleaseTests.xctest */;
			productType = "com.apple.product-type.bundle.unit-test";
		};
		433DAB362203600A007B1142 /* Cake PleaseUITests */ = {
			isa = PBXNativeTarget;
			buildConfigurationList = 433DAB462203600A007B1142 /* Build configuration list for PBXNativeTarget "Cake PleaseUITests" */;
			buildPhases = (
				433DAB332203600A007B1142 /* Sources */,
				433DAB342203600A007B1142 /* Frameworks */,
				433DAB352203600A007B1142 /* Resources */,
			);
			buildRules = (
			);
			dependencies = (
				433DAB392203600A007B1142 /* PBXTargetDependency */,
			);
			name = "Cake PleaseUITests";
			productName = "Cake PleaseUITests";
			productReference = 433DAB372203600A007B1142 /* Cake PleaseUITests.xctest */;
			productType = "com.apple.product-type.bundle.ui-testing";
		};
/* End PBXNativeTarget section */

/* Begin PBXProject section */
		433DAB0E22036009007B1142 /* Project object */ = {
			isa = PBXProject;
			attributes = {
				LastSwiftUpdateCheck = 1010;
				LastUpgradeCheck = 1010;
				ORGANIZATIONNAME = "Patrick O'Brien";
				TargetAttributes = {
					433DAB1522036009007B1142 = {
						CreatedOnToolsVersion = 10.1;
					};
					433DAB2B2203600A007B1142 = {
						CreatedOnToolsVersion = 10.1;
						TestTargetID = 433DAB1522036009007B1142;
					};
					433DAB362203600A007B1142 = {
						CreatedOnToolsVersion = 10.1;
						TestTargetID = 433DAB1522036009007B1142;
					};
				};
			};
			buildConfigurationList = 433DAB1122036009007B1142 /* Build configuration list for PBXProject "Cake Please" */;
			compatibilityVersion = "Xcode 9.3";
			developmentRegion = en;
			hasScannedForEncodings = 0;
			knownRegions = (
				en,
				Base,
			);
			mainGroup = 433DAB0D22036009007B1142;
			productRefGroup = 433DAB1722036009007B1142 /* Products */;
			projectDirPath = "";
			projectRoot = "";
			targets = (
				433DAB1522036009007B1142 /* Cake Please */,
				433DAB2B2203600A007B1142 /* Cake PleaseTests */,
				433DAB362203600A007B1142 /* Cake PleaseUITests */,
			);
		};
/* End PBXProject section */

/* Begin PBXResourcesBuildPhase section */
		433DAB1422036009007B1142 /* Resources */ = {
			isa = PBXResourcesBuildPhase;
			buildActionMask = 2147483647;
			files = (
				433DAB262203600A007B1142 /* LaunchScreen.storyboard in Resources */,
				433DAB232203600A007B1142 /* Assets.xcassets in Resources */,
				433DAB2122036009007B1142 /* Main.storyboard in Resources */,
			);
			runOnlyForDeploymentPostprocessing = 0;
		};
		433DAB2A2203600A007B1142 /* Resources */ = {
			isa = PBXResourcesBuildPhase;
			buildActionMask = 2147483647;
			files = (
			);
			runOnlyForDeploymentPostprocessing = 0;
		};
		433DAB352203600A007B1142 /* Resources */ = {
			isa = PBXResourcesBuildPhase;
			buildActionMask = 2147483647;
			files = (
			);
			runOnlyForDeploymentPostprocessing = 0;
		};
/* End PBXResourcesBuildPhase section */

/* Begin PBXSourcesBuildPhase section */
		433DAB1222036009007B1142 /* Sources */ = {
			isa = PBXSourcesBuildPhase;
			buildActionMask = 2147483647;
			files = (
				433DAB1E22036009007B1142 /* SecondViewController.swift in Sources */,
				433DAB1A22036009007B1142 /* AppDelegate.swift in Sources */,
				433DAB1C22036009007B1142 /* FirstViewController.swift in Sources */,
			);
			runOnlyForDeploymentPostprocessing = 0;
		};
		433DAB282203600A007B1142 /* Sources */ = {
			isa = PBXSourcesBuildPhase;
			buildActionMask = 2147483647;
			files = (
				433DAB312203600A007B1142 /* Cake_PleaseTests.swift in Sources */,
			);
			runOnlyForDeploymentPostprocessing = 0;
		};
		433DAB332203600A007B1142 /* Sources */ = {
			isa = PBXSourcesBuildPhase;
			buildActionMask = 2147483647;
			files = (
				433DAB3C2203600A007B1142 /* Cake_PleaseUITests.swift in Sources */,
			);
			runOnlyForDeploymentPostprocessing = 0;
		};
/* End PBXSourcesBuildPhase section */

/* Begin PBXTargetDependency section */
		433DAB2E2203600A007B1142 /* PBXTargetDependency */ = {
			isa = PBXTargetDependency;
			target = 433DAB1522036009007B1142 /* Cake Please */;
			targetProxy = 433DAB2D2203600A007B1142 /* PBXContainerItemProxy */;
		};
		433DAB392203600A007B1142 /* PBXTargetDependency */ = {
			isa = PBXTargetDependency;
			target = 433DAB1522036009007B1142 /* Cake Please */;
			targetProxy = 433DAB382203600A007B1142 /* PBXContainerItemProxy */;
		};
/* End PBXTargetDependency section */

/* Begin PBXVariantGroup section */
		433DAB1F22036009007B1142 /* Main.storyboard */ = {
			isa = PBXVariantGroup;
			children = (
				433DAB2022036009007B1142 /* Base */,
			);
			name = Main.storyboard;
			sourceTree = "<group>";
		};
		433DAB242203600A007B1142 /* LaunchScreen.storyboard */ = {
			isa = PBXVariantGroup;
			children = (
				433DAB252203600A007B1142 /* Base */,
			);
			name = LaunchScreen.storyboard;
			sourceTree = "<group>";
		};
/* End PBXVariantGroup section */

/* Begin XCBuildConfiguration section */
		433DAB3E2203600A007B1142 /* Debug */ = {
			isa = XCBuildConfiguration;
			buildSettings = {
				ALWAYS_SEARCH_USER_PATHS = NO;
				CLANG_ANALYZER_NONNULL = YES;
				CLANG_ANALYZER_NUMBER_OBJECT_CONVERSION = YES_AGGRESSIVE;
				CLANG_CXX_LANGUAGE_STANDARD = "gnu++14";
				CLANG_CXX_LIBRARY = "libc++";
				CLANG_ENABLE_MODULES = YES;
				CLANG_ENABLE_OBJC_ARC = YES;
				CLANG_ENABLE_OBJC_WEAK = YES;
				CLANG_WARN_BLOCK_CAPTURE_AUTORELEASING = YES;
				CLANG_WARN_BOOL_CONVERSION = YES;
				CLANG_WARN_COMMA = YES;
				CLANG_WARN_CONSTANT_CONVERSION = YES;
				CLANG_WARN_DEPRECATED_OBJC_IMPLEMENTATIONS = YES;
				CLANG_WARN_DIRECT_OBJC_ISA_USAGE = YES_ERROR;
				CLANG_WARN_DOCUMENTATION_COMMENTS = YES;
				CLANG_WARN_EMPTY_BODY = YES;
				CLANG_WARN_ENUM_CONVERSION = YES;
				CLANG_WARN_INFINITE_RECURSION = YES;
				CLANG_WARN_INT_CONVERSION = YES;
				CLANG_WARN_NON_LITERAL_NULL_CONVERSION = YES;
				CLANG_WARN_OBJC_IMPLICIT_RETAIN_SELF = YES;
				CLANG_WARN_OBJC_LITERAL_CONVERSION = YES;
				CLANG_WARN_OBJC_ROOT_CLASS = YES_ERROR;
				CLANG_WARN_RANGE_LOOP_ANALYSIS = YES;
				CLANG_WARN_STRICT_PROTOTYPES = YES;
				CLANG_WARN_SUSPICIOUS_MOVE = YES;
				CLANG_WARN_UNGUARDED_AVAILABILITY = YES_AGGRESSIVE;
				CLANG_WARN_UNREACHABLE_CODE = YES;
				CLANG_WARN__DUPLICATE_METHOD_MATCH = YES;
				CODE_SIGN_IDENTITY = "iPhone Developer";
				COPY_PHASE_STRIP = NO;
				DEBUG_INFORMATION_FORMAT = dwarf;
				ENABLE_STRICT_OBJC_MSGSEND = YES;
				ENABLE_TESTABILITY = YES;
				GCC_C_LANGUAGE_STANDARD = gnu11;
				GCC_DYNAMIC_NO_PIC = NO;
				GCC_NO_COMMON_BLOCKS = YES;
				GCC_OPTIMIZATION_LEVEL = 0;
				GCC_PREPROCESSOR_DEFINITIONS = (
					"DEBUG=1",
					"$(inherited)",
				);
				GCC_WARN_64_TO_32_BIT_CONVERSION = YES;
				GCC_WARN_ABOUT_RETURN_TYPE = YES_ERROR;
				GCC_WARN_UNDECLARED_SELECTOR = YES;
				GCC_WARN_UNINITIALIZED_AUTOS = YES_AGGRESSIVE;
				GCC_WARN_UNUSED_FUNCTION = YES;
				GCC_WARN_UNUSED_VARIABLE = YES;
				IPHONEOS_DEPLOYMENT_TARGET = 12.1;
				MTL_ENABLE_DEBUG_INFO = INCLUDE_SOURCE;
				MTL_FAST_MATH = YES;
				ONLY_ACTIVE_ARCH = YES;
				SDKROOT = iphoneos;
				SWIFT_ACTIVE_COMPILATION_CONDITIONS = DEBUG;
				SWIFT_OPTIMIZATION_LEVEL = "-Onone";
			};
			name = Debug;
		};
		433DAB3F2203600A007B1142 /* Release */ = {
			isa = XCBuildConfiguration;
			buildSettings = {
				ALWAYS_SEARCH_USER_PATHS = NO;
				CLANG_ANALYZER_NONNULL = YES;
				CLANG_ANALYZER_NUMBER_OBJECT_CONVERSION = YES_AGGRESSIVE;
				CLANG_CXX_LANGUAGE_STANDARD = "gnu++14";
				CLANG_CXX_LIBRARY = "libc++";
				CLANG_ENABLE_MODULES = YES;
				CLANG_ENABLE_OBJC_ARC = YES;
				CLANG_ENABLE_OBJC_WEAK = YES;
				CLANG_WARN_BLOCK_CAPTURE_AUTORELEASING = YES;
				CLANG_WARN_BOOL_CONVERSION = YES;
				CLANG_WARN_COMMA = YES;
				CLANG_WARN_CONSTANT_CONVERSION = YES;
				CLANG_WARN_DEPRECATED_OBJC_IMPLEMENTATIONS = YES;
				CLANG_WARN_DIRECT_OBJC_ISA_USAGE = YES_ERROR;
				CLANG_WARN_DOCUMENTATION_COMMENTS = YES;
				CLANG_WARN_EMPTY_BODY = YES;
				CLANG_WARN_ENUM_CONVERSION = YES;
				CLANG_WARN_INFINITE_RECURSION = YES;
				CLANG_WARN_INT_CONVERSION = YES;
				CLANG_WARN_NON_LITERAL_NULL_CONVERSION = YES;
				CLANG_WARN_OBJC_IMPLICIT_RETAIN_SELF = YES;
				CLANG_WARN_OBJC_LITERAL_CONVERSION = YES;
				CLANG_WARN_OBJC_ROOT_CLASS = YES_ERROR;
				CLANG_WARN_RANGE_LOOP_ANALYSIS = YES;
				CLANG_WARN_STRICT_PROTOTYPES = YES;
				CLANG_WARN_SUSPICIOUS_MOVE = YES;
				CLANG_WARN_UNGUARDED_AVAILABILITY = YES_AGGRESSIVE;
				CLANG_WARN_UNREACHABLE_CODE = YES;
				CLANG_WARN__DUPLICATE_METHOD_MATCH = YES;
				CODE_SIGN_IDENTITY = "iPhone Developer";
				COPY_PHASE_STRIP = NO;
				DEBUG_INFORMATION_FORMAT = "dwarf-with-dsym";
				ENABLE_NS_ASSERTIONS = NO;
				ENABLE_STRICT_OBJC_MSGSEND = YES;
				GCC_C_LANGUAGE_STANDARD = gnu11;
				GCC_NO_COMMON_BLOCKS = YES;
				GCC_WARN_64_TO_32_BIT_CONVERSION = YES;
				GCC_WARN_ABOUT_RETURN_TYPE = YES_ERROR;
				GCC_WARN_UNDECLARED_SELECTOR = YES;
				GCC_WARN_UNINITIALIZED_AUTOS = YES_AGGRESSIVE;
				GCC_WARN_UNUSED_FUNCTION = YES;
				GCC_WARN_UNUSED_VARIABLE = YES;
				IPHONEOS_DEPLOYMENT_TARGET = 12.1;
				MTL_ENABLE_DEBUG_INFO = NO;
				MTL_FAST_MATH = YES;
				SDKROOT = iphoneos;
				SWIFT_COMPILATION_MODE = wholemodule;
				SWIFT_OPTIMIZATION_LEVEL = "-O";
				VALIDATE_PRODUCT = YES;
			};
			name = Release;
		};
		433DAB412203600A007B1142 /* Debug */ = {
			isa = XCBuildConfiguration;
			buildSettings = {
				ASSETCATALOG_COMPILER_APPICON_NAME = AppIcon;
				CODE_SIGN_STYLE = Automatic;
				DEVELOPMENT_TEAM = FZ37V9GHLJ;
				INFOPLIST_FILE = "Cake Please/Info.plist";
				LD_RUNPATH_SEARCH_PATHS = (
					"$(inherited)",
					"@executable_path/Frameworks",
				);
				PRODUCT_BUNDLE_IDENTIFIER = "com.flourpower.Cake-Please";
				PRODUCT_NAME = "$(TARGET_NAME)";
				SWIFT_VERSION = 4.2;
				TARGETED_DEVICE_FAMILY = "1,2";
			};
			name = Debug;
		};
		433DAB422203600A007B1142 /* Release */ = {
			isa = XCBuildConfiguration;
			buildSettings = {
				ASSETCATALOG_COMPILER_APPICON_NAME = AppIcon;
				CODE_SIGN_STYLE = Automatic;
				DEVELOPMENT_TEAM = FZ37V9GHLJ;
				INFOPLIST_FILE = "Cake Please/Info.plist";
				LD_RUNPATH_SEARCH_PATHS = (
					"$(inherited)",
					"@executable_path/Frameworks",
				);
				PRODUCT_BUNDLE_IDENTIFIER = "com.flourpower.Cake-Please";
				PRODUCT_NAME = "$(TARGET_NAME)";
				SWIFT_VERSION = 4.2;
				TARGETED_DEVICE_FAMILY = "1,2";
			};
			name = Release;
		};
		433DAB442203600A007B1142 /* Debug */ = {
			isa = XCBuildConfiguration;
			buildSettings = {
				ALWAYS_EMBED_SWIFT_STANDARD_LIBRARIES = YES;
				BUNDLE_LOADER = "$(TEST_HOST)";
				CODE_SIGN_STYLE = Automatic;
				DEVELOPMENT_TEAM = FZ37V9GHLJ;
				INFOPLIST_FILE = "Cake PleaseTests/Info.plist";
				LD_RUNPATH_SEARCH_PATHS = (
					"$(inherited)",
					"@executable_path/Frameworks",
					"@loader_path/Frameworks",
				);
				PRODUCT_BUNDLE_IDENTIFIER = "com.flourpower.Cake-PleaseTests";
				PRODUCT_NAME = "$(TARGET_NAME)";
				SWIFT_VERSION = 4.2;
				TARGETED_DEVICE_FAMILY = "1,2";
				TEST_HOST = "$(BUILT_PRODUCTS_DIR)/Cake Please.app/Cake Please";
			};
			name = Debug;
		};
		433DAB452203600A007B1142 /* Release */ = {
			isa = XCBuildConfiguration;
			buildSettings = {
				ALWAYS_EMBED_SWIFT_STANDARD_LIBRARIES = YES;
				BUNDLE_LOADER = "$(TEST_HOST)";
				CODE_SIGN_STYLE = Automatic;
				DEVELOPMENT_TEAM = FZ37V9GHLJ;
				INFOPLIST_FILE = "Cake PleaseTests/Info.plist";
				LD_RUNPATH_SEARCH_PATHS = (
					"$(inherited)",
					"@executable_path/Frameworks",
					"@loader_path/Frameworks",
				);
				PRODUCT_BUNDLE_IDENTIFIER = "com.flourpower.Cake-PleaseTests";
				PRODUCT_NAME = "$(TARGET_NAME)";
				SWIFT_VERSION = 4.2;
				TARGETED_DEVICE_FAMILY = "1,2";
				TEST_HOST = "$(BUILT_PRODUCTS_DIR)/Cake Please.app/Cake Please";
			};
			name = Release;
		};
		433DAB472203600A007B1142 /* Debug */ = {
			isa = XCBuildConfiguration;
			buildSettings = {
				ALWAYS_EMBED_SWIFT_STANDARD_LIBRARIES = YES;
				CODE_SIGN_STYLE = Automatic;
				DEVELOPMENT_TEAM = FZ37V9GHLJ;
				INFOPLIST_FILE = "Cake PleaseUITests/Info.plist";
				LD_RUNPATH_SEARCH_PATHS = (
					"$(inherited)",
					"@executable_path/Frameworks",
					"@loader_path/Frameworks",
				);
				PRODUCT_BUNDLE_IDENTIFIER = "com.flourpower.Cake-PleaseUITests";
				PRODUCT_NAME = "$(TARGET_NAME)";
				SWIFT_VERSION = 4.2;
				TARGETED_DEVICE_FAMILY = "1,2";
				TEST_TARGET_NAME = "Cake Please";
			};
			name = Debug;
		};
		433DAB482203600A007B1142 /* Release */ = {
			isa = XCBuildConfiguration;
			buildSettings = {
				ALWAYS_EMBED_SWIFT_STANDARD_LIBRARIES = YES;
				CODE_SIGN_STYLE = Automatic;
				DEVELOPMENT_TEAM = FZ37V9GHLJ;
				INFOPLIST_FILE = "Cake PleaseUITests/Info.plist";
				LD_RUNPATH_SEARCH_PATHS = (
					"$(inherited)",
					"@executable_path/Frameworks",
					"@loader_path/Frameworks",
				);
				PRODUCT_BUNDLE_IDENTIFIER = "com.flourpower.Cake-PleaseUITests";
				PRODUCT_NAME = "$(TARGET_NAME)";
				SWIFT_VERSION = 4.2;
				TARGETED_DEVICE_FAMILY = "1,2";
				TEST_TARGET_NAME = "Cake Please";
			};
			name = Release;
		};
/* End XCBuildConfiguration section */

/* Begin XCConfigurationList section */
		433DAB1122036009007B1142 /* Build configuration list for PBXProject "Cake Please" */ = {
			isa = XCConfigurationList;
			buildConfigurations = (
				433DAB3E2203600A007B1142 /* Debug */,
				433DAB3F2203600A007B1142 /* Release */,
			);
			defaultConfigurationIsVisible = 0;
			defaultConfigurationName = Release;
		};
		433DAB402203600A007B1142 /* Build configuration list for PBXNativeTarget "Cake Please" */ = {
			isa = XCConfigurationList;
			buildConfigurations = (
				433DAB412203600A007B1142 /* Debug */,
				433DAB422203600A007B1142 /* Release */,
			);
			defaultConfigurationIsVisible = 0;
			defaultConfigurationName = Release;
		};
		433DAB432203600A007B1142 /* Build configuration list for PBXNativeTarget "Cake PleaseTests" */ = {
			isa = XCConfigurationList;
			buildConfigurations = (
				433DAB442203600A007B1142 /* Debug */,
				433DAB452203600A007B1142 /* Release */,
			);
			defaultConfigurationIsVisible = 0;
			defaultConfigurationName = Release;
		};
		433DAB462203600A007B1142 /* Build configuration list for PBXNativeTarget "Cake PleaseUITests" */ = {
			isa = XCConfigurationList;
			buildConfigurations = (
				433DAB472203600A007B1142 /* Debug */,
				433DAB482203600A007B1142 /* Release */,
			);
			defaultConfigurationIsVisible = 0;
			defaultConfigurationName = Release;
		};
/* End XCConfigurationList section */
	};
	rootObject = 433DAB0E22036009007B1142 /* Project object */;
}
